
Microsoft Visual Studio Solution File, Format Version 12.00
# Visual Studio 14
VisualStudioVersion = 14.0.25123.0
MinimumVisualStudioVersion = 10.0.40219.1
Project("{FAE04EC0-301F-11D3-BF4B-00C04F79EFBC}") = "Core.iOS", "iOS\Core.iOS.csproj", "{18A0329D-9CEA-4EB4-8D26-EF070E837EA2}"
EndProject
Project("{FAE04EC0-301F-11D3-BF4B-00C04F79EFBC}") = "Core.Droid", "Droid\Core.Droid.csproj", "{CBEFFECD-35DC-47AF-86ED-FA5FD22F7D6C}"
EndProject
Project("{FAE04EC0-301F-11D3-BF4B-00C04F79EFBC}") = "Core", "Core\Core.csproj", "{80496483-97AB-49BF-B680-5AC8C60A72D0}"
EndProject
Project("{FAE04EC0-301F-11D3-BF4B-00C04F79EFBC}") = "WinPhone", "WinPhone\WinPhone.csproj", "{22C992D8-4ACA-4AE5-8706-F8AF45A7862E}"
EndProject
Global
	GlobalSection(SolutionConfigurationPlatforms) = preSolution
		Debug|Any CPU = Debug|Any CPU
		Debug|ARM = Debug|ARM
		Debug|iPhone = Debug|iPhone
		Debug|iPhoneSimulator = Debug|iPhoneSimulator
		Debug|x86 = Debug|x86
		Release|Any CPU = Release|Any CPU
		Release|ARM = Release|ARM
		Release|iPhone = Release|iPhone
		Release|iPhoneSimulator = Release|iPhoneSimulator
		Release|x86 = Release|x86
	EndGlobalSection
	GlobalSection(ProjectConfigurationPlatforms) = postSolution
		{18A0329D-9CEA-4EB4-8D26-EF070E837EA2}.Debug|Any CPU.ActiveCfg = Debug|iPhoneSimulator
		{18A0329D-9CEA-4EB4-8D26-EF070E837EA2}.Debug|Any CPU.Build.0 = Debug|iPhoneSimulator
		{18A0329D-9CEA-4EB4-8D26-EF070E837EA2}.Debug|ARM.ActiveCfg = Debug|iPhone
		{18A0329D-9CEA-4EB4-8D26-EF070E837EA2}.Debug|iPhone.ActiveCfg = Debug|iPhone
		{18A0329D-9CEA-4EB4-8D26-EF070E837EA2}.Debug|iPhone.Build.0 = Debug|iPhone
		{18A0329D-9CEA-4EB4-8D26-EF070E837EA2}.Debug|iPhoneSimulator.ActiveCfg = Debug|iPhoneSimulator
		{18A0329D-9CEA-4EB4-8D26-EF070E837EA2}.Debug|iPhoneSimulator.Build.0 = Debug|iPhoneSimulator
		{18A0329D-9CEA-4EB4-8D26-EF070E837EA2}.Debug|x86.ActiveCfg = Debug|iPhone
		{18A0329D-9CEA-4EB4-8D26-EF070E837EA2}.Release|Any CPU.ActiveCfg = Release|iPhone
		{18A0329D-9CEA-4EB4-8D26-EF070E837EA2}.Release|Any CPU.Build.0 = Release|iPhone
		{18A0329D-9CEA-4EB4-8D26-EF070E837EA2}.Release|ARM.ActiveCfg = Release|iPhoneSimulator
		{18A0329D-9CEA-4EB4-8D26-EF070E837EA2}.Release|iPhone.ActiveCfg = Release|iPhone
		{18A0329D-9CEA-4EB4-8D26-EF070E837EA2}.Release|iPhone.Build.0 = Release|iPhone
		{18A0329D-9CEA-4EB4-8D26-EF070E837EA2}.Release|iPhoneSimulator.ActiveCfg = Release|iPhoneSimulator
		{18A0329D-9CEA-4EB4-8D26-EF070E837EA2}.Release|iPhoneSimulator.Build.0 = Release|iPhoneSimulator
		{18A0329D-9CEA-4EB4-8D26-EF070E837EA2}.Release|x86.ActiveCfg = Release|iPhoneSimulator
		{CBEFFECD-35DC-47AF-86ED-FA5FD22F7D6C}.Debug|Any CPU.ActiveCfg = Debug|Any CPU
		{CBEFFECD-35DC-47AF-86ED-FA5FD22F7D6C}.Debug|Any CPU.Build.0 = Debug|Any CPU
		{CBEFFECD-35DC-47AF-86ED-FA5FD22F7D6C}.Debug|ARM.ActiveCfg = Debug|Any CPU
		{CBEFFECD-35DC-47AF-86ED-FA5FD22F7D6C}.Debug|iPhone.ActiveCfg = Debug|Any CPU
		{CBEFFECD-35DC-47AF-86ED-FA5FD22F7D6C}.Debug|iPhone.Build.0 = Debug|Any CPU
		{CBEFFECD-35DC-47AF-86ED-FA5FD22F7D6C}.Debug|iPhoneSimulator.ActiveCfg = Debug|Any CPU
		{CBEFFECD-35DC-47AF-86ED-FA5FD22F7D6C}.Debug|iPhoneSimulator.Build.0 = Debug|Any CPU
		{CBEFFECD-35DC-47AF-86ED-FA5FD22F7D6C}.Debug|x86.ActiveCfg = Debug|Any CPU
		{CBEFFECD-35DC-47AF-86ED-FA5FD22F7D6C}.Release|Any CPU.ActiveCfg = Release|Any CPU
		{CBEFFECD-35DC-47AF-86ED-FA5FD22F7D6C}.Release|Any CPU.Build.0 = Release|Any CPU
		{CBEFFECD-35DC-47AF-86ED-FA5FD22F7D6C}.Release|ARM.ActiveCfg = Release|Any CPU
		{CBEFFECD-35DC-47AF-86ED-FA5FD22F7D6C}.Release|iPhone.ActiveCfg = Release|Any CPU
		{CBEFFECD-35DC-47AF-86ED-FA5FD22F7D6C}.Release|iPhone.Build.0 = Release|Any CPU
		{CBEFFECD-35DC-47AF-86ED-FA5FD22F7D6C}.Release|iPhoneSimulator.ActiveCfg = Release|Any CPU
		{CBEFFECD-35DC-47AF-86ED-FA5FD22F7D6C}.Release|iPhoneSimulator.Build.0 = Release|Any CPU
		{CBEFFECD-35DC-47AF-86ED-FA5FD22F7D6C}.Release|x86.ActiveCfg = Release|Any CPU
		{80496483-97AB-49BF-B680-5AC8C60A72D0}.Debug|Any CPU.ActiveCfg = Debug|Any CPU
		{80496483-97AB-49BF-B680-5AC8C60A72D0}.Debug|Any CPU.Build.0 = Debug|Any CPU
		{80496483-97AB-49BF-B680-5AC8C60A72D0}.Debug|ARM.ActiveCfg = Debug|Any CPU
		{80496483-97AB-49BF-B680-5AC8C60A72D0}.Debug|ARM.Build.0 = Debug|Any CPU
		{80496483-97AB-49BF-B680-5AC8C60A72D0}.Debug|iPhone.ActiveCfg = Debug|Any CPU
		{80496483-97AB-49BF-B680-5AC8C60A72D0}.Debug|iPhone.Build.0 = Debug|Any CPU
		{80496483-97AB-49BF-B680-5AC8C60A72D0}.Debug|iPhoneSimulator.ActiveCfg = Debug|Any CPU
		{80496483-97AB-49BF-B680-5AC8C60A72D0}.Debug|iPhoneSimulator.Build.0 = Debug|Any CPU
		{80496483-97AB-49BF-B680-5AC8C60A72D0}.Debug|x86.ActiveCfg = Debug|Any CPU
		{80496483-97AB-49BF-B680-5AC8C60A72D0}.Debug|x86.Build.0 = Debug|Any CPU
		{80496483-97AB-49BF-B680-5AC8C60A72D0}.Release|Any CPU.ActiveCfg = Release|Any CPU
		{80496483-97AB-49BF-B680-5AC8C60A72D0}.Release|Any CPU.Build.0 = Release|Any CPU
		{80496483-97AB-49BF-B680-5AC8C60A72D0}.Release|ARM.ActiveCfg = Release|Any CPU
		{80496483-97AB-49BF-B680-5AC8C60A72D0}.Release|ARM.Build.0 = Release|Any CPU
		{80496483-97AB-49BF-B680-5AC8C60A72D0}.Release|iPhone.ActiveCfg = Release|Any CPU
		{80496483-97AB-49BF-B680-5AC8C60A72D0}.Release|iPhone.Build.0 = Release|Any CPU
		{80496483-97AB-49BF-B680-5AC8C60A72D0}.Release|iPhoneSimulator.ActiveCfg = Release|Any CPU
		{80496483-97AB-49BF-B680-5AC8C60A72D0}.Release|iPhoneSimulator.Build.0 = Release|Any CPU
		{80496483-97AB-49BF-B680-5AC8C60A72D0}.Release|x86.ActiveCfg = Release|Any CPU
		{80496483-97AB-49BF-B680-5AC8C60A72D0}.Release|x86.Build.0 = Release|Any CPU
		{22C992D8-4ACA-4AE5-8706-F8AF45A7862E}.Debug|Any CPU.ActiveCfg = Debug|Any CPU
		{22C992D8-4ACA-4AE5-8706-F8AF45A7862E}.Debug|Any CPU.Build.0 = Debug|Any CPU
		{22C992D8-4ACA-4AE5-8706-F8AF45A7862E}.Debug|Any CPU.Deploy.0 = Debug|Any CPU
		{22C992D8-4ACA-4AE5-8706-F8AF45A7862E}.Debug|ARM.ActiveCfg = Debug|ARM
		{22C992D8-4ACA-4AE5-8706-F8AF45A7862E}.Debug|ARM.Build.0 = Debug|ARM
		{22C992D8-4ACA-4AE5-8706-F8AF45A7862E}.Debug|ARM.Deploy.0 = Debug|ARM
		{22C992D8-4ACA-4AE5-8706-F8AF45A7862E}.Debug|iPhone.ActiveCfg = Debug|Any CPU
		{22C992D8-4ACA-4AE5-8706-F8AF45A7862E}.Debug|iPhone.Build.0 = Debug|Any CPU
		{22C992D8-4ACA-4AE5-8706-F8AF45A7862E}.Debug|iPhone.Deploy.0 = Debug|Any CPU
		{22C992D8-4ACA-4AE5-8706-F8AF45A7862E}.Debug|iPhoneSimulator.ActiveCfg = Debug|Any CPU
		{22C992D8-4ACA-4AE5-8706-F8AF45A7862E}.Debug|iPhoneSimulator.Build.0 = Debug|Any CPU
		{22C992D8-4ACA-4AE5-8706-F8AF45A7862E}.Debug|iPhoneSimulator.Deploy.0 = Debug|Any CPU
		{22C992D8-4ACA-4AE5-8706-F8AF45A7862E}.Debug|x86.ActiveCfg = Debug|x86
		{22C992D8-4ACA-4AE5-8706-F8AF45A7862E}.Debug|x86.Build.0 = Debug|x86
		{22C992D8-4ACA-4AE5-8706-F8AF45A7862E}.Debug|x86.Deploy.0 = Debug|x86
		{22C992D8-4ACA-4AE5-8706-F8AF45A7862E}.Release|Any CPU.ActiveCfg = Release|Any CPU
		{22C992D8-4ACA-4AE5-8706-F8AF45A7862E}.Release|Any CPU.Build.0 = Release|Any CPU
		{22C992D8-4ACA-4AE5-8706-F8AF45A7862E}.Release|Any CPU.Deploy.0 = Release|Any CPU
		{22C992D8-4ACA-4AE5-8706-F8AF45A7862E}.Release|ARM.ActiveCfg = Release|ARM
		{22C992D8-4ACA-4AE5-8706-F8AF45A7862E}.Release|ARM.Build.0 = Release|ARM
		{22C992D8-4ACA-4AE5-8706-F8AF45A7862E}.Release|ARM.Deploy.0 = Release|ARM
		{22C992D8-4ACA-4AE5-8706-F8AF45A7862E}.Release|iPhone.ActiveCfg = Release|Any CPU
		{22C992D8-4ACA-4AE5-8706-F8AF45A7862E}.Release|iPhone.Build.0 = Release|Any CPU
		{22C992D8-4ACA-4AE5-8706-F8AF45A7862E}.Release|iPhone.Deploy.0 = Release|Any CPU
		{22C992D8-4ACA-4AE5-8706-F8AF45A7862E}.Release|iPhoneSimulator.ActiveCfg = Release|Any CPU
		{22C992D8-4ACA-4AE5-8706-F8AF45A7862E}.Release|iPhoneSimulator.Build.0 = Release|Any CPU
		{22C992D8-4ACA-4AE5-8706-F8AF45A7862E}.Release|iPhoneSimulator.Deploy.0 = Release|Any CPU
		{22C992D8-4ACA-4AE5-8706-F8AF45A7862E}.Release|x86.ActiveCfg = Release|x86
		{22C992D8-4ACA-4AE5-8706-F8AF45A7862E}.Release|x86.Build.0 = Release|x86
		{22C992D8-4ACA-4AE5-8706-F8AF45A7862E}.Release|x86.Deploy.0 = Release|x86
	EndGlobalSection
	GlobalSection(SolutionProperties) = preSolution
		HideSolutionNode = FALSE
	EndGlobalSection
EndGlobal
